
Microsoft Visual Studio Solution File, Format Version 12.00
# Visual Studio Version 16
VisualStudioVersion = 16.0.29424.173
MinimumVisualStudioVersion = 10.0.40219.1
Project("{8BC9CEB8-8B4A-11D0-8D11-00A0C91BC942}") = "Zadatak3", "Zadatak3\Zadatak3.vcxproj", "{C2568708-EF6F-4C13-967C-783E374597FF}"
EndProject
Global
	GlobalSection(SolutionConfigurationPlatforms) = preSolution
		Debug|x64 = Debug|x64
		Debug|x86 = Debug|x86
		Release|x64 = Release|x64
		Release|x86 = Release|x86
	EndGlobalSection
	GlobalSection(ProjectConfigurationPlatforms) = postSolution
		{C2568708-EF6F-4C13-967C-783E374597FF}.Debug|x64.ActiveCfg = Debug|x64
		{C2568708-EF6F-4C13-967C-783E374597FF}.Debug|x64.Build.0 = Debug|x64
		{C2568708-EF6F-4C13-967C-783E374597FF}.Debug|x86.ActiveCfg = Debug|Win32
		{C2568708-EF6F-4C13-967C-783E374597FF}.Debug|x86.Build.0 = Debug|Win32
		{C2568708-EF6F-4C13-967C-783E374597FF}.Release|x64.ActiveCfg = Release|x64
		{C2568708-EF6F-4C13-967C-783E374597FF}.Release|x64.Build.0 = Release|x64
		{C2568708-EF6F-4C13-967C-783E374597FF}.Release|x86.ActiveCfg = Release|Win32
		{C2568708-EF6F-4C13-967C-783E374597FF}.Release|x86.Build.0 = Release|Win32
	EndGlobalSection
	GlobalSection(SolutionProperties) = preSolution
		HideSolutionNode = FALSE
	EndGlobalSection
	GlobalSection(ExtensibilityGlobals) = postSolution
		SolutionGuid = {47E83EB1-9574-4E45-8F7D-F37CEE10BFB4}
	EndGlobalSection
EndGlobal
